
Microsoft Visual Studio Solution File, Format Version 12.00
# Visual Studio 2013
VisualStudioVersion = 12.0.21005.1
MinimumVisualStudioVersion = 10.0.40219.1
Project("{FAE04EC0-301F-11D3-BF4B-00C04F79EFBC}") = "CodeWarriors.API", "CodeWarriors.API\CodeWarriors.API.csproj", "{6970BC1F-3AA7-47FE-A01F-53D3A742732F}"
EndProject
Project("{FAE04EC0-301F-11D3-BF4B-00C04F79EFBC}") = "CodeWarriors.API.Tests", "CodeWarriors.API.Tests\CodeWarriors.API.Tests.csproj", "{499A74A2-89C2-4144-ADAA-F7F18DC7A4E2}"
EndProject
Project("{FAE04EC0-301F-11D3-BF4B-00C04F79EFBC}") = "CodeWarriors.DAL", "CodeWarriors.DAL\CodeWarriors.DAL.csproj", "{6C0CA7DA-3C71-42ED-B01D-E72FBAE4B1A1}"
EndProject
Project("{FAE04EC0-301F-11D3-BF4B-00C04F79EFBC}") = "CodeWarriors.BLL", "CodeWarriors.BLL\CodeWarriors.BLL.csproj", "{443432F6-78AF-436F-A411-E58D866FAF83}"
EndProject
Global
	GlobalSection(TeamFoundationVersionControl) = preSolution
		SccNumberOfProjects = 5
		SccEnterpriseProvider = {4CA58AB2-18FA-4F8D-95D4-32DDF27D184C}
		SccTeamFoundationServer = https://datta.visualstudio.com/defaultcollection
		SccLocalPath0 = .
		SccProjectUniqueName1 = CodeWarriors.API.Tests\\CodeWarriors.API.Tests.csproj
		SccProjectName1 = CodeWarriors.API.Tests
		SccLocalPath1 = CodeWarriors.API.Tests
		SccProjectUniqueName2 = CodeWarriors.API\\CodeWarriors.API.csproj
		SccProjectName2 = CodeWarriors.API
		SccLocalPath2 = CodeWarriors.API
		SccProjectUniqueName3 = CodeWarriors.BLL\\CodeWarriors.BLL.csproj
		SccProjectName3 = CodeWarriors.BLL
		SccLocalPath3 = CodeWarriors.BLL
		SccProjectUniqueName4 = CodeWarriors.DAL\\CodeWarriors.DAL.csproj
		SccProjectName4 = CodeWarriors.DAL
		SccLocalPath4 = CodeWarriors.DAL
	EndGlobalSection
	GlobalSection(SolutionConfigurationPlatforms) = preSolution
		Debug|Any CPU = Debug|Any CPU
		Release|Any CPU = Release|Any CPU
	EndGlobalSection
	GlobalSection(ProjectConfigurationPlatforms) = postSolution
		{6970BC1F-3AA7-47FE-A01F-53D3A742732F}.Debug|Any CPU.ActiveCfg = Debug|Any CPU
		{6970BC1F-3AA7-47FE-A01F-53D3A742732F}.Debug|Any CPU.Build.0 = Debug|Any CPU
		{6970BC1F-3AA7-47FE-A01F-53D3A742732F}.Release|Any CPU.ActiveCfg = Release|Any CPU
		{6970BC1F-3AA7-47FE-A01F-53D3A742732F}.Release|Any CPU.Build.0 = Release|Any CPU
		{499A74A2-89C2-4144-ADAA-F7F18DC7A4E2}.Debug|Any CPU.ActiveCfg = Debug|Any CPU
		{499A74A2-89C2-4144-ADAA-F7F18DC7A4E2}.Debug|Any CPU.Build.0 = Debug|Any CPU
		{499A74A2-89C2-4144-ADAA-F7F18DC7A4E2}.Release|Any CPU.ActiveCfg = Release|Any CPU
		{499A74A2-89C2-4144-ADAA-F7F18DC7A4E2}.Release|Any CPU.Build.0 = Release|Any CPU
		{6C0CA7DA-3C71-42ED-B01D-E72FBAE4B1A1}.Debug|Any CPU.ActiveCfg = Debug|Any CPU
		{6C0CA7DA-3C71-42ED-B01D-E72FBAE4B1A1}.Debug|Any CPU.Build.0 = Debug|Any CPU
		{6C0CA7DA-3C71-42ED-B01D-E72FBAE4B1A1}.Release|Any CPU.ActiveCfg = Release|Any CPU
		{6C0CA7DA-3C71-42ED-B01D-E72FBAE4B1A1}.Release|Any CPU.Build.0 = Release|Any CPU
		{443432F6-78AF-436F-A411-E58D866FAF83}.Debug|Any CPU.ActiveCfg = Debug|Any CPU
		{443432F6-78AF-436F-A411-E58D866FAF83}.Debug|Any CPU.Build.0 = Debug|Any CPU
		{443432F6-78AF-436F-A411-E58D866FAF83}.Release|Any CPU.ActiveCfg = Release|Any CPU
		{443432F6-78AF-436F-A411-E58D866FAF83}.Release|Any CPU.Build.0 = Release|Any CPU
	EndGlobalSection
	GlobalSection(SolutionProperties) = preSolution
		HideSolutionNode = FALSE
	EndGlobalSection
EndGlobal
